// !$*UTF8*$!
{
	archiveVersion = 1;
	classes = {
	};
	objectVersion = 46;
	objects = {

/* Begin PBXBuildFile section */
		A7F90C7921A91E330042AD3E /* AppDelegate.swift in Sources */ = {isa = PBXBuildFile; fileRef = A7F90C7821A91E330042AD3E /* AppDelegate.swift */; };
		A7F90C7B21A91E330042AD3E /* ViewController.swift in Sources */ = {isa = PBXBuildFile; fileRef = A7F90C7A21A91E330042AD3E /* ViewController.swift */; };
		A7F90C7E21A91E330042AD3E /* Main.storyboard in Resources */ = {isa = PBXBuildFile; fileRef = A7F90C7C21A91E330042AD3E /* Main.storyboard */; };
		A7F90C8021A91E330042AD3E /* Assets.xcassets in Resources */ = {isa = PBXBuildFile; fileRef = A7F90C7F21A91E330042AD3E /* Assets.xcassets */; };
		A7F90C8321A91E330042AD3E /* LaunchScreen.storyboard in Resources */ = {isa = PBXBuildFile; fileRef = A7F90C8121A91E330042AD3E /* LaunchScreen.storyboard */; };
		A7F90C8E21A91E330042AD3E /* GiveTests.swift in Sources */ = {isa = PBXBuildFile; fileRef = A7F90C8D21A91E330042AD3E /* GiveTests.swift */; };
		A7F90C9921A91E330042AD3E /* GiveUITests.swift in Sources */ = {isa = PBXBuildFile; fileRef = A7F90C9821A91E330042AD3E /* GiveUITests.swift */; };
/* End PBXBuildFile section */

/* Begin PBXContainerItemProxy section */
		A7F90C8A21A91E330042AD3E /* PBXContainerItemProxy */ = {
			isa = PBXContainerItemProxy;
			containerPortal = A7F90C6D21A91E330042AD3E /* Project object */;
			proxyType = 1;
			remoteGlobalIDString = A7F90C7421A91E330042AD3E;
			remoteInfo = Give;
		};
		A7F90C9521A91E330042AD3E /* PBXContainerItemProxy */ = {
			isa = PBXContainerItemProxy;
			containerPortal = A7F90C6D21A91E330042AD3E /* Project object */;
			proxyType = 1;
			remoteGlobalIDString = A7F90C7421A91E330042AD3E;
			remoteInfo = Give;
		};
/* End PBXContainerItemProxy section */

/* Begin PBXFileReference section */
		A7F90C7521A91E330042AD3E /* Give.app */ = {isa = PBXFileReference; explicitFileType = wrapper.application; includeInIndex = 0; path = Give.app; sourceTree = BUILT_PRODUCTS_DIR; };
		A7F90C7821A91E330042AD3E /* AppDelegate.swift */ = {isa = PBXFileReference; lastKnownFileType = sourcecode.swift; path = AppDelegate.swift; sourceTree = "<group>"; };
		A7F90C7A21A91E330042AD3E /* ViewController.swift */ = {isa = PBXFileReference; lastKnownFileType = sourcecode.swift; path = ViewController.swift; sourceTree = "<group>"; };
		A7F90C7D21A91E330042AD3E /* Base */ = {isa = PBXFileReference; lastKnownFileType = file.storyboard; name = Base; path = Base.lproj/Main.storyboard; sourceTree = "<group>"; };
		A7F90C7F21A91E330042AD3E /* Assets.xcassets */ = {isa = PBXFileReference; lastKnownFileType = folder.assetcatalog; path = Assets.xcassets; sourceTree = "<group>"; };
		A7F90C8221A91E330042AD3E /* Base */ = {isa = PBXFileReference; lastKnownFileType = file.storyboard; name = Base; path = Base.lproj/LaunchScreen.storyboard; sourceTree = "<group>"; };
		A7F90C8421A91E330042AD3E /* Info.plist */ = {isa = PBXFileReference; lastKnownFileType = text.plist.xml; path = Info.plist; sourceTree = "<group>"; };
		A7F90C8921A91E330042AD3E /* GiveTests.xctest */ = {isa = PBXFileReference; explicitFileType = wrapper.cfbundle; includeInIndex = 0; path = GiveTests.xctest; sourceTree = BUILT_PRODUCTS_DIR; };
		A7F90C8D21A91E330042AD3E /* GiveTests.swift */ = {isa = PBXFileReference; lastKnownFileType = sourcecode.swift; path = GiveTests.swift; sourceTree = "<group>"; };
		A7F90C8F21A91E330042AD3E /* Info.plist */ = {isa = PBXFileReference; lastKnownFileType = text.plist.xml; path = Info.plist; sourceTree = "<group>"; };
		A7F90C9421A91E330042AD3E /* GiveUITests.xctest */ = {isa = PBXFileReference; explicitFileType = wrapper.cfbundle; includeInIndex = 0; path = GiveUITests.xctest; sourceTree = BUILT_PRODUCTS_DIR; };
		A7F90C9821A91E330042AD3E /* GiveUITests.swift */ = {isa = PBXFileReference; lastKnownFileType = sourcecode.swift; path = GiveUITests.swift; sourceTree = "<group>"; };
		A7F90C9A21A91E330042AD3E /* Info.plist */ = {isa = PBXFileReference; lastKnownFileType = text.plist.xml; path = Info.plist; sourceTree = "<group>"; };
/* End PBXFileReference section */

/* Begin PBXFrameworksBuildPhase section */
		A7F90C7221A91E330042AD3E /* Frameworks */ = {
			isa = PBXFrameworksBuildPhase;
			buildActionMask = 2147483647;
			files = (
			);
			runOnlyForDeploymentPostprocessing = 0;
		};
		A7F90C8621A91E330042AD3E /* Frameworks */ = {
			isa = PBXFrameworksBuildPhase;
			buildActionMask = 2147483647;
			files = (
			);
			runOnlyForDeploymentPostprocessing = 0;
		};
		A7F90C9121A91E330042AD3E /* Frameworks */ = {
			isa = PBXFrameworksBuildPhase;
			buildActionMask = 2147483647;
			files = (
			);
			runOnlyForDeploymentPostprocessing = 0;
		};
/* End PBXFrameworksBuildPhase section */

/* Begin PBXGroup section */
		A7F90C6C21A91E330042AD3E = {
			isa = PBXGroup;
			children = (
				A7F90C7721A91E330042AD3E /* Give */,
				A7F90C8C21A91E330042AD3E /* GiveTests */,
				A7F90C9721A91E330042AD3E /* GiveUITests */,
				A7F90C7621A91E330042AD3E /* Products */,
			);
			sourceTree = "<group>";
		};
		A7F90C7621A91E330042AD3E /* Products */ = {
			isa = PBXGroup;
			children = (
				A7F90C7521A91E330042AD3E /* Give.app */,
				A7F90C8921A91E330042AD3E /* GiveTests.xctest */,
				A7F90C9421A91E330042AD3E /* GiveUITests.xctest */,
			);
			name = Products;
			sourceTree = "<group>";
		};
		A7F90C7721A91E330042AD3E /* Give */ = {
			isa = PBXGroup;
			children = (
				A7F90C7821A91E330042AD3E /* AppDelegate.swift */,
				A7F90C7A21A91E330042AD3E /* ViewController.swift */,
				A7F90C7C21A91E330042AD3E /* Main.storyboard */,
				A7F90C7F21A91E330042AD3E /* Assets.xcassets */,
				A7F90C8121A91E330042AD3E /* LaunchScreen.storyboard */,
				A7F90C8421A91E330042AD3E /* Info.plist */,
			);
			path = Give;
			sourceTree = "<group>";
		};
		A7F90C8C21A91E330042AD3E /* GiveTests */ = {
			isa = PBXGroup;
			children = (
				A7F90C8D21A91E330042AD3E /* GiveTests.swift */,
				A7F90C8F21A91E330042AD3E /* Info.plist */,
			);
			path = GiveTests;
			sourceTree = "<group>";
		};
		A7F90C9721A91E330042AD3E /* GiveUITests */ = {
			isa = PBXGroup;
			children = (
				A7F90C9821A91E330042AD3E /* GiveUITests.swift */,
				A7F90C9A21A91E330042AD3E /* Info.plist */,
			);
			path = GiveUITests;
			sourceTree = "<group>";
		};
/* End PBXGroup section */

/* Begin PBXNativeTarget section */
		A7F90C7421A91E330042AD3E /* Give */ = {
			isa = PBXNativeTarget;
			buildConfigurationList = A7F90C9D21A91E330042AD3E /* Build configuration list for PBXNativeTarget "Give" */;
			buildPhases = (
				A7F90C7121A91E330042AD3E /* Sources */,
				A7F90C7221A91E330042AD3E /* Frameworks */,
				A7F90C7321A91E330042AD3E /* Resources */,
			);
			buildRules = (
			);
			dependencies = (
			);
			name = Give;
			productName = Give;
			productReference = A7F90C7521A91E330042AD3E /* Give.app */;
			productType = "com.apple.product-type.application";
		};
		A7F90C8821A91E330042AD3E /* GiveTests */ = {
			isa = PBXNativeTarget;
			buildConfigurationList = A7F90CA021A91E330042AD3E /* Build configuration list for PBXNativeTarget "GiveTests" */;
			buildPhases = (
				A7F90C8521A91E330042AD3E /* Sources */,
				A7F90C8621A91E330042AD3E /* Frameworks */,
				A7F90C8721A91E330042AD3E /* Resources */,
			);
			buildRules = (
			);
			dependencies = (
				A7F90C8B21A91E330042AD3E /* PBXTargetDependency */,
			);
			name = GiveTests;
			productName = GiveTests;
			productReference = A7F90C8921A91E330042AD3E /* GiveTests.xctest */;
			productType = "com.apple.product-type.bundle.unit-test";
		};
		A7F90C9321A91E330042AD3E /* GiveUITests */ = {
			isa = PBXNativeTarget;
			buildConfigurationList = A7F90CA321A91E330042AD3E /* Build configuration list for PBXNativeTarget "GiveUITests" */;
			buildPhases = (
				A7F90C9021A91E330042AD3E /* Sources */,
				A7F90C9121A91E330042AD3E /* Frameworks */,
				A7F90C9221A91E330042AD3E /* Resources */,
			);
			buildRules = (
			);
			dependencies = (
				A7F90C9621A91E330042AD3E /* PBXTargetDependency */,
			);
			name = GiveUITests;
			productName = GiveUITests;
			productReference = A7F90C9421A91E330042AD3E /* GiveUITests.xctest */;
			productType = "com.apple.product-type.bundle.ui-testing";
		};
/* End PBXNativeTarget section */

/* Begin PBXProject section */
		A7F90C6D21A91E330042AD3E /* Project object */ = {
			isa = PBXProject;
			attributes = {
				LastSwiftUpdateCheck = 0830;
				LastUpgradeCheck = 0830;
				ORGANIZATIONNAME = "Amy Pollmann";
				TargetAttributes = {
					A7F90C7421A91E330042AD3E = {
						CreatedOnToolsVersion = 8.3.3;
						DevelopmentTeam = 7K4UTAD5VR;
						ProvisioningStyle = Automatic;
					};
					A7F90C8821A91E330042AD3E = {
						CreatedOnToolsVersion = 8.3.3;
						DevelopmentTeam = 7K4UTAD5VR;
						ProvisioningStyle = Automatic;
						TestTargetID = A7F90C7421A91E330042AD3E;
					};
					A7F90C9321A91E330042AD3E = {
						CreatedOnToolsVersion = 8.3.3;
						DevelopmentTeam = 7K4UTAD5VR;
						ProvisioningStyle = Automatic;
						TestTargetID = A7F90C7421A91E330042AD3E;
					};
				};
			};
			buildConfigurationList = A7F90C7021A91E330042AD3E /* Build configuration list for PBXProject "Give" */;
			compatibilityVersion = "Xcode 3.2";
			developmentRegion = English;
			hasScannedForEncodings = 0;
			knownRegions = (
				en,
				Base,
			);
			mainGroup = A7F90C6C21A91E330042AD3E;
			productRefGroup = A7F90C7621A91E330042AD3E /* Products */;
			projectDirPath = "";
			projectRoot = "";
			targets = (
				A7F90C7421A91E330042AD3E /* Give */,
				A7F90C8821A91E330042AD3E /* GiveTests */,
				A7F90C9321A91E330042AD3E /* GiveUITests */,
			);
		};
/* End PBXProject section */

/* Begin PBXResourcesBuildPhase section */
		A7F90C7321A91E330042AD3E /* Resources */ = {
			isa = PBXResourcesBuildPhase;
			buildActionMask = 2147483647;
			files = (
				A7F90C8321A91E330042AD3E /* LaunchScreen.storyboard in Resources */,
				A7F90C8021A91E330042AD3E /* Assets.xcassets in Resources */,
				A7F90C7E21A91E330042AD3E /* Main.storyboard in Resources */,
			);
			runOnlyForDeploymentPostprocessing = 0;
		};
		A7F90C8721A91E330042AD3E /* Resources */ = {
			isa = PBXResourcesBuildPhase;
			buildActionMask = 2147483647;
			files = (
			);
			runOnlyForDeploymentPostprocessing = 0;
		};
		A7F90C9221A91E330042AD3E /* Resources */ = {
			isa = PBXResourcesBuildPhase;
			buildActionMask = 2147483647;
			files = (
			);
			runOnlyForDeploymentPostprocessing = 0;
		};
/* End PBXResourcesBuildPhase section */

/* Begin PBXSourcesBuildPhase section */
		A7F90C7121A91E330042AD3E /* Sources */ = {
			isa = PBXSourcesBuildPhase;
			buildActionMask = 2147483647;
			files = (
				A7F90C7B21A91E330042AD3E /* ViewController.swift in Sources */,
				A7F90C7921A91E330042AD3E /* AppDelegate.swift in Sources */,
			);
			runOnlyForDeploymentPostprocessing = 0;
		};
		A7F90C8521A91E330042AD3E /* Sources */ = {
			isa = PBXSourcesBuildPhase;
			buildActionMask = 2147483647;
			files = (
				A7F90C8E21A91E330042AD3E /* GiveTests.swift in Sources */,
			);
			runOnlyForDeploymentPostprocessing = 0;
		};
		A7F90C9021A91E330042AD3E /* Sources */ = {
			isa = PBXSourcesBuildPhase;
			buildActionMask = 2147483647;
			files = (
				A7F90C9921A91E330042AD3E /* GiveUITests.swift in Sources */,
			);
			runOnlyForDeploymentPostprocessing = 0;
		};
/* End PBXSourcesBuildPhase section */

/* Begin PBXTargetDependency section */
		A7F90C8B21A91E330042AD3E /* PBXTargetDependency */ = {
			isa = PBXTargetDependency;
			target = A7F90C7421A91E330042AD3E /* Give */;
			targetProxy = A7F90C8A21A91E330042AD3E /* PBXContainerItemProxy */;
		};
		A7F90C9621A91E330042AD3E /* PBXTargetDependency */ = {
			isa = PBXTargetDependency;
			target = A7F90C7421A91E330042AD3E /* Give */;
			targetProxy = A7F90C9521A91E330042AD3E /* PBXContainerItemProxy */;
		};
/* End PBXTargetDependency section */

/* Begin PBXVariantGroup section */
		A7F90C7C21A91E330042AD3E /* Main.storyboard */ = {
			isa = PBXVariantGroup;
			children = (
				A7F90C7D21A91E330042AD3E /* Base */,
			);
			name = Main.storyboard;
			sourceTree = "<group>";
		};
		A7F90C8121A91E330042AD3E /* LaunchScreen.storyboard */ = {
			isa = PBXVariantGroup;
			children = (
				A7F90C8221A91E330042AD3E /* Base */,
			);
			name = LaunchScreen.storyboard;
			sourceTree = "<group>";
		};
/* End PBXVariantGroup section */

/* Begin XCBuildConfiguration section */
		A7F90C9B21A91E330042AD3E /* Debug */ = {
			isa = XCBuildConfiguration;
			buildSettings = {
				ALWAYS_SEARCH_USER_PATHS = NO;
				CLANG_ANALYZER_NONNULL = YES;
				CLANG_ANALYZER_NUMBER_OBJECT_CONVERSION = YES_AGGRESSIVE;
				CLANG_CXX_LANGUAGE_STANDARD = "gnu++0x";
				CLANG_CXX_LIBRARY = "libc++";
				CLANG_ENABLE_MODULES = YES;
				CLANG_ENABLE_OBJC_ARC = YES;
				CLANG_WARN_BOOL_CONVERSION = YES;
				CLANG_WARN_CONSTANT_CONVERSION = YES;
				CLANG_WARN_DIRECT_OBJC_ISA_USAGE = YES_ERROR;
				CLANG_WARN_DOCUMENTATION_COMMENTS = YES;
				CLANG_WARN_EMPTY_BODY = YES;
				CLANG_WARN_ENUM_CONVERSION = YES;
				CLANG_WARN_INFINITE_RECURSION = YES;
				CLANG_WARN_INT_CONVERSION = YES;
				CLANG_WARN_OBJC_ROOT_CLASS = YES_ERROR;
				CLANG_WARN_SUSPICIOUS_MOVE = YES;
				CLANG_WARN_UNREACHABLE_CODE = YES;
				CLANG_WARN__DUPLICATE_METHOD_MATCH = YES;
				"CODE_SIGN_IDENTITY[sdk=iphoneos*]" = "iPhone Developer";
				COPY_PHASE_STRIP = NO;
				DEBUG_INFORMATION_FORMAT = dwarf;
				ENABLE_STRICT_OBJC_MSGSEND = YES;
				ENABLE_TESTABILITY = YES;
				GCC_C_LANGUAGE_STANDARD = gnu99;
				GCC_DYNAMIC_NO_PIC = NO;
				GCC_NO_COMMON_BLOCKS = YES;
				GCC_OPTIMIZATION_LEVEL = 0;
				GCC_PREPROCESSOR_DEFINITIONS = (
					"DEBUG=1",
					"$(inherited)",
				);
				GCC_WARN_64_TO_32_BIT_CONVERSION = YES;
				GCC_WARN_ABOUT_RETURN_TYPE = YES_ERROR;
				GCC_WARN_UNDECLARED_SELECTOR = YES;
				GCC_WARN_UNINITIALIZED_AUTOS = YES_AGGRESSIVE;
				GCC_WARN_UNUSED_FUNCTION = YES;
				GCC_WARN_UNUSED_VARIABLE = YES;
				IPHONEOS_DEPLOYMENT_TARGET = 10.3;
				MTL_ENABLE_DEBUG_INFO = YES;
				ONLY_ACTIVE_ARCH = YES;
				SDKROOT = iphoneos;
				SWIFT_ACTIVE_COMPILATION_CONDITIONS = DEBUG;
				SWIFT_OPTIMIZATION_LEVEL = "-Onone";
				TARGETED_DEVICE_FAMILY = "1,2";
			};
			name = Debug;
		};
		A7F90C9C21A91E330042AD3E /* Release */ = {
			isa = XCBuildConfiguration;
			buildSettings = {
				ALWAYS_SEARCH_USER_PATHS = NO;
				CLANG_ANALYZER_NONNULL = YES;
				CLANG_ANALYZER_NUMBER_OBJECT_CONVERSION = YES_AGGRESSIVE;
				CLANG_CXX_LANGUAGE_STANDARD = "gnu++0x";
				CLANG_CXX_LIBRARY = "libc++";
				CLANG_ENABLE_MODULES = YES;
				CLANG_ENABLE_OBJC_ARC = YES;
				CLANG_WARN_BOOL_CONVERSION = YES;
				CLANG_WARN_CONSTANT_CONVERSION = YES;
				CLANG_WARN_DIRECT_OBJC_ISA_USAGE = YES_ERROR;
				CLANG_WARN_DOCUMENTATION_COMMENTS = YES;
				CLANG_WARN_EMPTY_BODY = YES;
				CLANG_WARN_ENUM_CONVERSION = YES;
				CLANG_WARN_INFINITE_RECURSION = YES;
				CLANG_WARN_INT_CONVERSION = YES;
				CLANG_WARN_OBJC_ROOT_CLASS = YES_ERROR;
				CLANG_WARN_SUSPICIOUS_MOVE = YES;
				CLANG_WARN_UNREACHABLE_CODE = YES;
				CLANG_WARN__DUPLICATE_METHOD_MATCH = YES;
				"CODE_SIGN_IDENTITY[sdk=iphoneos*]" = "iPhone Developer";
				COPY_PHASE_STRIP = NO;
				DEBUG_INFORMATION_FORMAT = "dwarf-with-dsym";
				ENABLE_NS_ASSERTIONS = NO;
				ENABLE_STRICT_OBJC_MSGSEND = YES;
				GCC_C_LANGUAGE_STANDARD = gnu99;
				GCC_NO_COMMON_BLOCKS = YES;
				GCC_WARN_64_TO_32_BIT_CONVERSION = YES;
				GCC_WARN_ABOUT_RETURN_TYPE = YES_ERROR;
				GCC_WARN_UNDECLARED_SELECTOR = YES;
				GCC_WARN_UNINITIALIZED_AUTOS = YES_AGGRESSIVE;
				GCC_WARN_UNUSED_FUNCTION = YES;
				GCC_WARN_UNUSED_VARIABLE = YES;
				IPHONEOS_DEPLOYMENT_TARGET = 10.3;
				MTL_ENABLE_DEBUG_INFO = NO;
				SDKROOT = iphoneos;
				SWIFT_OPTIMIZATION_LEVEL = "-Owholemodule";
				TARGETED_DEVICE_FAMILY = "1,2";
				VALIDATE_PRODUCT = YES;
			};
			name = Release;
		};
		A7F90C9E21A91E330042AD3E /* Debug */ = {
			isa = XCBuildConfiguration;
			buildSettings = {
				ASSETCATALOG_COMPILER_APPICON_NAME = AppIcon;
				DEVELOPMENT_TEAM = 7K4UTAD5VR;
				INFOPLIST_FILE = Give/Info.plist;
				LD_RUNPATH_SEARCH_PATHS = "$(inherited) @executable_path/Frameworks";
				PRODUCT_BUNDLE_IDENTIFIER = com.gatech.edu.Give;
				PRODUCT_NAME = "$(TARGET_NAME)";
				SWIFT_VERSION = 3.0;
			};
			name = Debug;
		};
		A7F90C9F21A91E330042AD3E /* Release */ = {
			isa = XCBuildConfiguration;
			buildSettings = {
				ASSETCATALOG_COMPILER_APPICON_NAME = AppIcon;
				DEVELOPMENT_TEAM = 7K4UTAD5VR;
				INFOPLIST_FILE = Give/Info.plist;
				LD_RUNPATH_SEARCH_PATHS = "$(inherited) @executable_path/Frameworks";
				PRODUCT_BUNDLE_IDENTIFIER = com.gatech.edu.Give;
				PRODUCT_NAME = "$(TARGET_NAME)";
				SWIFT_VERSION = 3.0;
			};
			name = Release;
		};
		A7F90CA121A91E330042AD3E /* Debug */ = {
			isa = XCBuildConfiguration;
			buildSettings = {
				ALWAYS_EMBED_SWIFT_STANDARD_LIBRARIES = YES;
				BUNDLE_LOADER = "$(TEST_HOST)";
				DEVELOPMENT_TEAM = 7K4UTAD5VR;
				INFOPLIST_FILE = GiveTests/Info.plist;
				LD_RUNPATH_SEARCH_PATHS = "$(inherited) @executable_path/Frameworks @loader_path/Frameworks";
				PRODUCT_BUNDLE_IDENTIFIER = com.gatech.edu.GiveTests;
				PRODUCT_NAME = "$(TARGET_NAME)";
				SWIFT_VERSION = 3.0;
				TEST_HOST = "$(BUILT_PRODUCTS_DIR)/Give.app/Give";
			};
			name = Debug;
		};
		A7F90CA221A91E330042AD3E /* Release */ = {
			isa = XCBuildConfiguration;
			buildSettings = {
				ALWAYS_EMBED_SWIFT_STANDARD_LIBRARIES = YES;
				BUNDLE_LOADER = "$(TEST_HOST)";
				DEVELOPMENT_TEAM = 7K4UTAD5VR;
				INFOPLIST_FILE = GiveTests/Info.plist;
				LD_RUNPATH_SEARCH_PATHS = "$(inherited) @executable_path/Frameworks @loader_path/Frameworks";
				PRODUCT_BUNDLE_IDENTIFIER = com.gatech.edu.GiveTests;
				PRODUCT_NAME = "$(TARGET_NAME)";
				SWIFT_VERSION = 3.0;
				TEST_HOST = "$(BUILT_PRODUCTS_DIR)/Give.app/Give";
			};
			name = Release;
		};
		A7F90CA421A91E330042AD3E /* Debug */ = {
			isa = XCBuildConfiguration;
			buildSettings = {
				ALWAYS_EMBED_SWIFT_STANDARD_LIBRARIES = YES;
				DEVELOPMENT_TEAM = 7K4UTAD5VR;
				INFOPLIST_FILE = GiveUITests/Info.plist;
				LD_RUNPATH_SEARCH_PATHS = "$(inherited) @executable_path/Frameworks @loader_path/Frameworks";
				PRODUCT_BUNDLE_IDENTIFIER = com.gatech.edu.GiveUITests;
				PRODUCT_NAME = "$(TARGET_NAME)";
				SWIFT_VERSION = 3.0;
				TEST_TARGET_NAME = Give;
			};
			name = Debug;
		};
		A7F90CA521A91E330042AD3E /* Release */ = {
			isa = XCBuildConfiguration;
			buildSettings = {
				ALWAYS_EMBED_SWIFT_STANDARD_LIBRARIES = YES;
				DEVELOPMENT_TEAM = 7K4UTAD5VR;
				INFOPLIST_FILE = GiveUITests/Info.plist;
				LD_RUNPATH_SEARCH_PATHS = "$(inherited) @executable_path/Frameworks @loader_path/Frameworks";
				PRODUCT_BUNDLE_IDENTIFIER = com.gatech.edu.GiveUITests;
				PRODUCT_NAME = "$(TARGET_NAME)";
				SWIFT_VERSION = 3.0;
				TEST_TARGET_NAME = Give;
			};
			name = Release;
		};
/* End XCBuildConfiguration section */

/* Begin XCConfigurationList section */
		A7F90C7021A91E330042AD3E /* Build configuration list for PBXProject "Give" */ = {
			isa = XCConfigurationList;
			buildConfigurations = (
				A7F90C9B21A91E330042AD3E /* Debug */,
				A7F90C9C21A91E330042AD3E /* Release */,
			);
			defaultConfigurationIsVisible = 0;
			defaultConfigurationName = Release;
		};
		A7F90C9D21A91E330042AD3E /* Build configuration list for PBXNativeTarget "Give" */ = {
			isa = XCConfigurationList;
			buildConfigurations = (
				A7F90C9E21A91E330042AD3E /* Debug */,
				A7F90C9F21A91E330042AD3E /* Release */,
			);
			defaultConfigurationIsVisible = 0;
		};
		A7F90CA021A91E330042AD3E /* Build configuration list for PBXNativeTarget "GiveTests" */ = {
			isa = XCConfigurationList;
			buildConfigurations = (
				A7F90CA121A91E330042AD3E /* Debug */,
				A7F90CA221A91E330042AD3E /* Release */,
			);
			defaultConfigurationIsVisible = 0;
		};
		A7F90CA321A91E330042AD3E /* Build configuration list for PBXNativeTarget "GiveUITests" */ = {
			isa = XCConfigurationList;
			buildConfigurations = (
				A7F90CA421A91E330042AD3E /* Debug */,
				A7F90CA521A91E330042AD3E /* Release */,
			);
			defaultConfigurationIsVisible = 0;
		};
/* End XCConfigurationList section */
	};
	rootObject = A7F90C6D21A91E330042AD3E /* Project object */;
}
